Microsoft Visual Studio Solution File, Format Version 12.00
# Visual Studio Version 17
VisualStudioVersion = 17.5.2.0
MinimumVisualStudioVersion = 10.0.40219.1
Project("{2150E333-8FDC-42A3-9474-1A3956D46DE8}") = "SistemaVuelos", "SistemaVuelos", "{A7EE996B-E125-9D85-092A-E590692149F6}"
EndProject
Project("{FAE04EC0-301F-11D3-BF4B-00C04F79EFBC}") = "SistemaVuelos", "SistemaVuelos\SistemaVuelos\SistemaVuelos.csproj", "{FE3BC2BA-D0DA-4FE5-F7A9-FEE2CEEAE9BD}"
EndProject
Global
	GlobalSection(SolutionConfigurationPlatforms) = preSolution
		Debug|Any CPU = Debug|Any CPU
		Release|Any CPU = Release|Any CPU
	EndGlobalSection
	GlobalSection(ProjectConfigurationPlatforms) = postSolution
		{FE3BC2BA-D0DA-4FE5-F7A9-FEE2CEEAE9BD}.Debug|Any CPU.ActiveCfg = Debug|Any CPU
		{FE3BC2BA-D0DA-4FE5-F7A9-FEE2CEEAE9BD}.Debug|Any CPU.Build.0 = Debug|Any CPU
		{FE3BC2BA-D0DA-4FE5-F7A9-FEE2CEEAE9BD}.Release|Any CPU.ActiveCfg = Release|Any CPU
		{FE3BC2BA-D0DA-4FE5-F7A9-FEE2CEEAE9BD}.Release|Any CPU.Build.0 = Release|Any CPU
	EndGlobalSection
	GlobalSection(SolutionProperties) = preSolution
		HideSolutionNode = FALSE
	EndGlobalSection
	GlobalSection(NestedProjects) = preSolution
		{FE3BC2BA-D0DA-4FE5-F7A9-FEE2CEEAE9BD} = {A7EE996B-E125-9D85-092A-E590692149F6}
	EndGlobalSection
	GlobalSection(ExtensibilityGlobals) = postSolution
		SolutionGuid = {226A2E04-B567-45A5-90F9-F087FE8EA36D}
	EndGlobalSection
EndGlobal
